// !$*UTF8*$!
{
	archiveVersion = 1;
	classes = {
	};
	objectVersion = 77;
	objects = {

/* Begin PBXBuildFile section */
		A10000000000000000000001 /* AES128CryptoEngineApp.swift in Sources */ = {isa = PBXBuildFile; fileRef = B10000000000000000000001 /* AES128CryptoEngineApp.swift */; };
		A10000000000000000000002 /* RootView.swift in Sources */ = {isa = PBXBuildFile; fileRef = B10000000000000000000002 /* RootView.swift */; };
		A10000000000000000000003 /* UnlockView.swift in Sources */ = {isa = PBXBuildFile; fileRef = B10000000000000000000003 /* UnlockView.swift */; };
		A10000000000000000000004 /* MessageListView.swift in Sources */ = {isa = PBXBuildFile; fileRef = B10000000000000000000004 /* MessageListView.swift */; };
		A10000000000000000000005 /* HexInspectorView.swift in Sources */ = {isa = PBXBuildFile; fileRef = B10000000000000000000005 /* HexInspectorView.swift */; };
		A10000000000000000000006 /* StoredMessage.swift in Sources */ = {isa = PBXBuildFile; fileRef = B10000000000000000000006 /* StoredMessage.swift */; };
		A10000000000000000000007 /* CryptoConfiguration.swift in Sources */ = {isa = PBXBuildFile; fileRef = B10000000000000000000007 /* CryptoConfiguration.swift */; };
		A10000000000000000000008 /* CryptoEngine.swift in Sources */ = {isa = PBXBuildFile; fileRef = B10000000000000000000008 /* CryptoEngine.swift */; };
		A10000000000000000000009 /* KeyManager.swift in Sources */ = {isa = PBXBuildFile; fileRef = B10000000000000000000009 /* KeyManager.swift */; };
		A1000000000000000000000A /* MessageCrypto.swift in Sources */ = {isa = PBXBuildFile; fileRef = B1000000000000000000000A /* MessageCrypto.swift */; };
		A1000000000000000000000B /* CryptoSession.swift in Sources */ = {isa = PBXBuildFile; fileRef = B1000000000000000000000B /* CryptoSession.swift */; };
		A1000000000000000000000C /* MessageListViewModel.swift in Sources */ = {isa = PBXBuildFile; fileRef = B1000000000000000000000C /* MessageListViewModel.swift */; };
		A1000000000000000000000D /* aes.c in Sources */ = {isa = PBXBuildFile; fileRef = B1000000000000000000000D /* aes.c */; };
		A1000000000000000000000E /* aes_cbc.c in Sources */ = {isa = PBXBuildFile; fileRef = B1000000000000000000000E /* aes_cbc.c */; };
		A1000000000000000000000F /* aes_tables.c in Sources */ = {isa = PBXBuildFile; fileRef = B1000000000000000000000F /* aes_tables.c */; };
		A10000000000000000000010 /* Security.framework in Frameworks */ = {isa = PBXBuildFile; fileRef = B10000000000000000000010 /* Security.framework */; };
		A10000000000000000000011 /* CryptoIntegrationTests.swift in Sources */ = {isa = PBXBuildFile; fileRef = B10000000000000000000011 /* CryptoIntegrationTests.swift */; };
		A10000000000000000000012 /* Testing.framework in Frameworks */ = {isa = PBXBuildFile; fileRef = B10000000000000000000012 /* Testing.framework */; };
/* End PBXBuildFile section */

/* Begin PBXFileReference section */
		B10000000000000000000001 /* AES128CryptoEngineApp.swift */ = {isa = PBXFileReference; lastKnownFileType = sourcecode.swift; path = AES128CryptoEngineApp.swift; sourceTree = "<group>"; };
		B10000000000000000000002 /* RootView.swift */ = {isa = PBXFileReference; lastKnownFileType = sourcecode.swift; path = RootView.swift; sourceTree = "<group>"; };
		B10000000000000000000003 /* UnlockView.swift */ = {isa = PBXFileReference; lastKnownFileType = sourcecode.swift; path = UnlockView.swift; sourceTree = "<group>"; };
		B10000000000000000000004 /* MessageListView.swift */ = {isa = PBXFileReference; lastKnownFileType = sourcecode.swift; path = MessageListView.swift; sourceTree = "<group>"; };
		B10000000000000000000005 /* HexInspectorView.swift */ = {isa = PBXFileReference; lastKnownFileType = sourcecode.swift; path = HexInspectorView.swift; sourceTree = "<group>"; };
		B10000000000000000000006 /* StoredMessage.swift */ = {isa = PBXFileReference; lastKnownFileType = sourcecode.swift; path = StoredMessage.swift; sourceTree = "<group>"; };
		B10000000000000000000007 /* CryptoConfiguration.swift */ = {isa = PBXFileReference; lastKnownFileType = sourcecode.swift; path = CryptoConfiguration.swift; sourceTree = "<group>"; };
		B10000000000000000000008 /* CryptoEngine.swift */ = {isa = PBXFileReference; lastKnownFileType = sourcecode.swift; path = CryptoEngine.swift; sourceTree = "<group>"; };
		B10000000000000000000009 /* KeyManager.swift */ = {isa = PBXFileReference; lastKnownFileType = sourcecode.swift; path = KeyManager.swift; sourceTree = "<group>"; };
		B1000000000000000000000A /* MessageCrypto.swift */ = {isa = PBXFileReference; lastKnownFileType = sourcecode.swift; path = MessageCrypto.swift; sourceTree = "<group>"; };
		B1000000000000000000000B /* CryptoSession.swift */ = {isa = PBXFileReference; lastKnownFileType = sourcecode.swift; path = CryptoSession.swift; sourceTree = "<group>"; };
		B1000000000000000000000C /* MessageListViewModel.swift */ = {isa = PBXFileReference; lastKnownFileType = sourcecode.swift; path = MessageListViewModel.swift; sourceTree = "<group>"; };
		B1000000000000000000000D /* aes.c */ = {isa = PBXFileReference; lastKnownFileType = sourcecode.c.c; path = aes.c; sourceTree = "<group>"; };
		B1000000000000000000000E /* aes_cbc.c */ = {isa = PBXFileReference; lastKnownFileType = sourcecode.c.c; path = aes_cbc.c; sourceTree = "<group>"; };
		B1000000000000000000000F /* aes_tables.c */ = {isa = PBXFileReference; lastKnownFileType = sourcecode.c.c; path = aes_tables.c; sourceTree = "<group>"; };
		B10000000000000000000010 /* Security.framework */ = {isa = PBXFileReference; lastKnownFileType = wrapper.framework; name = Security.framework; path = System/Library/Frameworks/Security.framework; sourceTree = SDKROOT; };
		B10000000000000000000011 /* CryptoIntegrationTests.swift */ = {isa = PBXFileReference; lastKnownFileType = sourcecode.swift; path = CryptoIntegrationTests.swift; sourceTree = "<group>"; };
		B10000000000000000000012 /* Testing.framework */ = {isa = PBXFileReference; lastKnownFileType = wrapper.framework; name = Testing.framework; path = System/Library/Frameworks/Testing.framework; sourceTree = SDKROOT; };
		B10000000000000000000013 /* Bridging-Header.h */ = {isa = PBXFileReference; lastKnownFileType = sourcecode.c.h; path = Bridging-Header.h; sourceTree = "<group>"; };
		B10000000000000000000014 /* AES128CryptoEngine.app */ = {isa = PBXFileReference; explicitFileType = wrapper.application; includeInIndex = 0; path = AES128CryptoEngine.app; sourceTree = BUILT_PRODUCTS_DIR; };
		B10000000000000000000015 /* AES128CryptoEngineTests.xctest */ = {isa = PBXFileReference; explicitFileType = wrapper.cfbundle; includeInIndex = 0; path = AES128CryptoEngineTests.xctest; sourceTree = BUILT_PRODUCTS_DIR; };
/* End PBXFileReference section */

/* Begin PBXFrameworksBuildPhase section */
		C10000000000000000000001 /* Frameworks */ = {
			isa = PBXFrameworksBuildPhase;
			buildActionMask = 2147483647;
			files = (
				A10000000000000000000010 /* Security.framework in Frameworks */,
			);
			runOnlyForDeploymentPostprocessing = 0;
		};
		C10000000000000000000002 /* Frameworks */ = {
			isa = PBXFrameworksBuildPhase;
			buildActionMask = 2147483647;
			files = (
				A10000000000000000000012 /* Testing.framework in Frameworks */,
			);
			runOnlyForDeploymentPostprocessing = 0;
		};
/* End PBXFrameworksBuildPhase section */

/* Begin PBXGroup section */
		D10000000000000000000001 = {
			isa = PBXGroup;
			children = (
				D10000000000000000000002 /* Services */,
				D10000000000000000000003 /* Models */,
				D10000000000000000000004 /* ViewModels */,
				D10000000000000000000005 /* Views */,
				D10000000000000000000006 /* Tests */,
				D10000000000000000000007 /* Core */,
				B10000000000000000000013 /* Bridging-Header.h */,
				B10000000000000000000001 /* AES128CryptoEngineApp.swift */,
				B10000000000000000000014 /* AES128CryptoEngine.app */,
				B10000000000000000000015 /* AES128CryptoEngineTests.xctest */,
			);
			sourceTree = "<group>";
		};
		D10000000000000000000002 /* Services */ = {
			isa = PBXGroup;
			children = (
				B10000000000000000000008 /* CryptoEngine.swift */,
				B10000000000000000000009 /* KeyManager.swift */,
				B1000000000000000000000A /* MessageCrypto.swift */,
				B1000000000000000000000B /* CryptoSession.swift */,
			);
			path = Services;
			sourceTree = "<group>";
		};
		D10000000000000000000003 /* Models */ = {
			isa = PBXGroup;
			children = (
				B10000000000000000000006 /* StoredMessage.swift */,
				B10000000000000000000007 /* CryptoConfiguration.swift */,
			);
			path = Models;
			sourceTree = "<group>";
		};
		D10000000000000000000004 /* ViewModels */ = {
			isa = PBXGroup;
			children = (
				B1000000000000000000000C /* MessageListViewModel.swift */,
			);
			path = ViewModels;
			sourceTree = "<group>";
		};
		D10000000000000000000005 /* Views */ = {
			isa = PBXGroup;
			children = (
				B10000000000000000000002 /* RootView.swift */,
				B10000000000000000000003 /* UnlockView.swift */,
				B10000000000000000000004 /* MessageListView.swift */,
				B10000000000000000000005 /* HexInspectorView.swift */,
			);
			path = Views;
			sourceTree = "<group>";
		};
		D10000000000000000000006 /* Tests */ = {
			isa = PBXGroup;
			children = (
				B10000000000000000000011 /* CryptoIntegrationTests.swift */,
			);
			path = Tests;
			sourceTree = "<group>";
		};
		D10000000000000000000007 /* Core */ = {
			isa = PBXGroup;
			children = (
				D10000000000000000000008 /* include */,
				D10000000000000000000009 /* src */,
			);
			path = ../core;
			sourceTree = "<group>";
		};
		D10000000000000000000008 /* include */ = {
			isa = PBXGroup;
			children = (
			);
			path = include;
			sourceTree = "<group>";
		};
		D10000000000000000000009 /* src */ = {
			isa = PBXGroup;
			children = (
				B1000000000000000000000D /* aes.c */,
				B1000000000000000000000E /* aes_cbc.c */,
				B1000000000000000000000F /* aes_tables.c */,
			);
			path = src;
			sourceTree = "<group>";
		};
/* End PBXGroup section */

/* Begin PBXNativeTarget section */
		E10000000000000000000001 /* AES128CryptoEngine */ = {
			isa = PBXNativeTarget;
			buildConfigurationList = F10000000000000000000001 /* Build configuration list for PBXNativeTarget "AES128CryptoEngine" */;
			buildPhases = (
				C10000000000000000000003 /* Sources */,
				C10000000000000000000001 /* Frameworks */,
				C10000000000000000000004 /* Resources */,
			);
			buildRules = (
			);
			dependencies = (
			);
			name = AES128CryptoEngine;
			productName = AES128CryptoEngine;
			productReference = B10000000000000000000014 /* AES128CryptoEngine.app */;
			productType = "com.apple.product-type.application";
		};
		E10000000000000000000002 /* AES128CryptoEngineTests */ = {
			isa = PBXNativeTarget;
			buildConfigurationList = F10000000000000000000002 /* Build configuration list for PBXNativeTarget "AES128CryptoEngineTests" */;
			buildPhases = (
				C10000000000000000000005 /* Sources */,
				C10000000000000000000002 /* Frameworks */,
				C10000000000000000000006 /* Resources */,
			);
			buildRules = (
			);
			dependencies = (
				E10000000000000000000003 /* PBXTargetDependency */,
			);
			name = AES128CryptoEngineTests;
			productName = AES128CryptoEngineTests;
			productReference = B10000000000000000000015 /* AES128CryptoEngineTests.xctest */;
			productType = "com.apple.product-type.bundle.unit-test";
		};
/* End PBXNativeTarget section */

/* Begin PBXProject section */
		E10000000000000000000004 /* Project object */ = {
			isa = PBXProject;
			attributes = {
				BuildIndependentTargetsInParallel = 1;
				LastUpgradeCheck = 2660;
				TargetAttributes = {
					E10000000000000000000001 = {
						CreatedOnToolsVersion = 26.6;
					};
					E10000000000000000000002 = {
						CreatedOnToolsVersion = 26.6;
						TestTargetID = E10000000000000000000001;
					};
				};
			};
			buildConfigurationList = F10000000000000000000003 /* Build configuration list for PBXProject "AES128CryptoEngine" */;
			compatibilityVersion = "Xcode 16.0";
			developmentRegion = en;
			hasScannedForEncodings = 0;
			knownRegions = (
				en,
				Base,
			);
			mainGroup = D10000000000000000000001;
			productRefGroup = D1000000000000000000000A /* Products */;
			projectDirPath = "";
			projectRoot = "";
			targets = (
				E10000000000000000000001 /* AES128CryptoEngine */,
				E10000000000000000000002 /* AES128CryptoEngineTests */,
			);
		};
/* End PBXProject section */

/* Begin PBXResourcesBuildPhase section */
		C10000000000000000000004 /* Resources */ = {
			isa = PBXResourcesBuildPhase;
			buildActionMask = 2147483647;
			files = (
			);
			runOnlyForDeploymentPostprocessing = 0;
		};
		C10000000000000000000006 /* Resources */ = {
			isa = PBXResourcesBuildPhase;
			buildActionMask = 2147483647;
			files = (
			);
			runOnlyForDeploymentPostprocessing = 0;
		};
/* End PBXResourcesBuildPhase section */

/* Begin PBXShellScriptBuildPhase section */
/* End PBXShellScriptBuildPhase section */

/* Begin PBXSourcesBuildPhase section */
		C10000000000000000000003 /* Sources */ = {
			isa = PBXSourcesBuildPhase;
			buildActionMask = 2147483647;
			files = (
				A10000000000000000000001 /* AES128CryptoEngineApp.swift in Sources */,
				A10000000000000000000002 /* RootView.swift in Sources */,
				A10000000000000000000003 /* UnlockView.swift in Sources */,
				A10000000000000000000004 /* MessageListView.swift in Sources */,
				A10000000000000000000005 /* HexInspectorView.swift in Sources */,
				A10000000000000000000006 /* StoredMessage.swift in Sources */,
				A10000000000000000000007 /* CryptoConfiguration.swift in Sources */,
				A10000000000000000000008 /* CryptoEngine.swift in Sources */,
				A10000000000000000000009 /* KeyManager.swift in Sources */,
				A1000000000000000000000A /* MessageCrypto.swift in Sources */,
				A1000000000000000000000B /* CryptoSession.swift in Sources */,
				A1000000000000000000000C /* MessageListViewModel.swift in Sources */,
				A1000000000000000000000D /* aes.c in Sources */,
				A1000000000000000000000E /* aes_cbc.c in Sources */,
				A1000000000000000000000F /* aes_tables.c in Sources */,
			);
			runOnlyForDeploymentPostprocessing = 0;
		};
		C10000000000000000000005 /* Sources */ = {
			isa = PBXSourcesBuildPhase;
			buildActionMask = 2147483647;
			files = (
				A10000000000000000000011 /* CryptoIntegrationTests.swift in Sources */,
			);
			runOnlyForDeploymentPostprocessing = 0;
		};
/* End PBXSourcesBuildPhase section */

/* Begin PBXTargetDependency section */
		E10000000000000000000003 /* PBXTargetDependency */ = {
			isa = PBXTargetDependency;
			target = E10000000000000000000001 /* AES128CryptoEngine */;
			targetProxy = E10000000000000000000005 /* PBXContainerItemProxy */;
		};
/* End PBXTargetDependency section */

/* Begin PBXContainerItemProxy section */
		E10000000000000000000005 /* PBXContainerItemProxy */ = {
			isa = PBXContainerItemProxy;
			containerPortal = E10000000000000000000004 /* Project object */;
			proxyType = 1;
			remoteGlobalIDString = E10000000000000000000001;
			remoteInfo = AES128CryptoEngine;
		};
/* End PBXContainerItemProxy section */

/* Begin XCBuildConfiguration section */
		F20000000000000000000001 /* Debug */ = {
			isa = XCBuildConfiguration;
			buildSettings = {
				ALWAYS_SEARCH_USER_PATHS = NO;
				CLANG_CXX_LANGUAGE_STANDARD = "gnu++20";
				CLANG_ENABLE_MODULES = YES;
				CLANG_ENABLE_OBJC_ARC = YES;
				CLANG_C_LANGUAGE_STANDARD = c11;
				CLANG_WARN_BLOCK_CAPTURE_AUTORELEASING = YES;
				CLANG_WARN_BOOL_CONVERSION = YES;
				CLANG_WARN_COMMA = YES;
				CLANG_WARN_CONSTANT_CONVERSION = YES;
				CLANG_WARN_DEPRECATED_OBJC_IMPLEMENTATIONS = YES;
				CLANG_WARN_DIRECT_OBJC_ISA_USAGE = YES_ERROR;
				CLANG_WARN_DOCUMENTATION_COMMENTS = YES;
				CLANG_WARN_EMPTY_BODY = YES;
				CLANG_WARN_ENUM_CONVERSION = YES;
				CLANG_WARN_INT_CONVERSION = YES;
				CLANG_WARN_NON_LITERAL_NULL_CONVERSION = YES;
				CLANG_WARN_OBJC_IMPLICIT_RETAIN_SELF = YES;
				CLANG_WARN_OBJC_LITERAL_CONVERSION = YES;
				CLANG_WARN_OBJC_ROOT_CLASS = YES_ERROR;
				CLANG_WARN_QUOTED_INCLUDE_IN_FRAMEWORK_HEADER = YES;
				CLANG_WARN_RANGE_LOOP_ANALYSIS = YES;
				CLANG_WARN_STRICT_PROTOTYPES = YES;
				CLANG_WARN_SUSPICIOUS_MOVE = YES;
				CLANG_WARN_UNGUARDED_AVAILABILITY = YES_AGGRESSIVE;
				CLANG_WARN_UNREACHABLE_CODE = YES;
				CLANG_WARN__DUPLICATE_METHOD_MATCH = YES;
				CODE_SIGNING_ALLOWED = NO;
				CODE_SIGN_STYLE = Manual;
				DEBUG_INFORMATION_FORMAT = dwarf;
				ENABLE_STRICT_OBJC_MSGSEND = YES;
				GCC_C_LANGUAGE_STANDARD = c11;
				GCC_NO_COMMON_BLOCKS = YES;
				GCC_WARN_64_TO_32_BIT_CONVERSION = YES;
				GCC_WARN_ABOUT_RETURN_TYPE = YES_ERROR;
				GCC_WARN_UNDECLARED_SELECTOR = YES;
				GCC_WARN_UNINITIALIZED_AUTOS = YES_AGGRESSIVE;
				GCC_WARN_UNUSED_FUNCTION = YES;
				GCC_WARN_UNUSED_VARIABLE = YES;
				HEADER_SEARCH_PATHS = "$(SRCROOT)/../core/include";
				IPHONEOS_DEPLOYMENT_TARGET = 17.0;
				LD_RUNPATH_SEARCH_PATHS = (
					"$(inherited)",
					"@executable_path/Frameworks",
				);
				ONLY_ACTIVE_ARCH = YES;
				SDKROOT = iphoneos;
				SWIFT_OBJC_BRIDGING_HEADER = "$(SRCROOT)/Bridging-Header.h";
				SWIFT_OPTIMIZATION_LEVEL = "-Onone";
				SWIFT_VERSION = 5.0;
				TARGETED_DEVICE_FAMILY = "1,2";
			};
			name = Debug;
		};
		F20000000000000000000002 /* Release */ = {
			isa = XCBuildConfiguration;
			buildSettings = {
				ALWAYS_SEARCH_USER_PATHS = NO;
				CLANG_ENABLE_MODULES = YES;
				CLANG_ENABLE_OBJC_ARC = YES;
				CLANG_C_LANGUAGE_STANDARD = c11;
				CODE_SIGNING_ALLOWED = NO;
				CODE_SIGN_STYLE = Manual;
				GCC_C_LANGUAGE_STANDARD = c11;
				HEADER_SEARCH_PATHS = "$(SRCROOT)/../core/include";
				IPHONEOS_DEPLOYMENT_TARGET = 17.0;
				LD_RUNPATH_SEARCH_PATHS = (
					"$(inherited)",
					"@executable_path/Frameworks",
				);
				SDKROOT = iphoneos;
				SWIFT_OBJC_BRIDGING_HEADER = "$(SRCROOT)/Bridging-Header.h";
				SWIFT_VERSION = 5.0;
				TARGETED_DEVICE_FAMILY = "1,2";
			};
			name = Release;
		};
		F20000000000000000000003 /* Debug */ = {
			isa = XCBuildConfiguration;
			buildSettings = {
				ENABLE_TESTABILITY = YES;
				GENERATE_INFOPLIST_FILE = YES;
				PRODUCT_BUNDLE_IDENTIFIER = "com.semihtakilan.AES128CryptoEngine";
				PRODUCT_NAME = "$(TARGET_NAME)";
				SWIFT_EMIT_LOC_STRINGS = YES;
			};
			name = Debug;
		};
		F20000000000000000000004 /* Release */ = {
			isa = XCBuildConfiguration;
			buildSettings = {
				GENERATE_INFOPLIST_FILE = YES;
				PRODUCT_BUNDLE_IDENTIFIER = "com.semihtakilan.AES128CryptoEngine";
				PRODUCT_NAME = "$(TARGET_NAME)";
				SWIFT_EMIT_LOC_STRINGS = YES;
			};
			name = Release;
		};
		F20000000000000000000005 /* Debug */ = {
			isa = XCBuildConfiguration;
			buildSettings = {
				BUNDLE_LOADER = "$(TEST_HOST)";
				GENERATE_INFOPLIST_FILE = YES;
				PRODUCT_BUNDLE_IDENTIFIER = "com.semihtakilan.AES128CryptoEngineTests";
				PRODUCT_NAME = "$(TARGET_NAME)";
				TEST_HOST = "$(BUILT_PRODUCTS_DIR)/AES128CryptoEngine.app/AES128CryptoEngine";
			};
			name = Debug;
		};
		F20000000000000000000006 /* Release */ = {
			isa = XCBuildConfiguration;
			buildSettings = {
				BUNDLE_LOADER = "$(TEST_HOST)";
				GENERATE_INFOPLIST_FILE = YES;
				PRODUCT_BUNDLE_IDENTIFIER = "com.semihtakilan.AES128CryptoEngineTests";
				PRODUCT_NAME = "$(TARGET_NAME)";
				TEST_HOST = "$(BUILT_PRODUCTS_DIR)/AES128CryptoEngine.app/AES128CryptoEngine";
			};
			name = Release;
		};
/* End XCBuildConfiguration section */

/* Begin XCConfigurationList section */
		F10000000000000000000001 /* Build configuration list for PBXNativeTarget "AES128CryptoEngine" */ = {
			isa = XCConfigurationList;
			buildConfigurations = (
				F20000000000000000000003 /* Debug */,
				F20000000000000000000004 /* Release */,
			);
			defaultConfigurationIsVisible = 0;
			defaultConfigurationName = Release;
		};
		F10000000000000000000002 /* Build configuration list for PBXNativeTarget "AES128CryptoEngineTests" */ = {
			isa = XCConfigurationList;
			buildConfigurations = (
				F20000000000000000000005 /* Debug */,
				F20000000000000000000006 /* Release */,
			);
			defaultConfigurationIsVisible = 0;
			defaultConfigurationName = Release;
		};
		F10000000000000000000003 /* Build configuration list for PBXProject "AES128CryptoEngine" */ = {
			isa = XCConfigurationList;
			buildConfigurations = (
				F20000000000000000000001 /* Debug */,
				F20000000000000000000002 /* Release */,
			);
			defaultConfigurationIsVisible = 0;
			defaultConfigurationName = Release;
		};
/* End XCConfigurationList section */
	};
	rootObject = E10000000000000000000004 /* Project object */;
}
